
Microsoft Visual Studio Solution File, Format Version 12.00
# Visual Studio Version 16
VisualStudioVersion = 16.0.31205.134
MinimumVisualStudioVersion = 10.0.40219.1
Project("{FAE04EC0-301F-11D3-BF4B-00C04F79EFBC}") = "fuku_v0519", "fuku_v0519\fuku_v0519.csproj", "{F4CFA0CD-1C56-46D7-8900-23231AE70E77}"
EndProject
Global
	GlobalSection(SolutionConfigurationPlatforms) = preSolution
		Debug|Any CPU = Debug|Any CPU
		Release|Any CPU = Release|Any CPU
	EndGlobalSection
	GlobalSection(ProjectConfigurationPlatforms) = postSolution
		{F4CFA0CD-1C56-46D7-8900-23231AE70E77}.Debug|Any CPU.ActiveCfg = Debug|Any CPU
		{F4CFA0CD-1C56-46D7-8900-23231AE70E77}.Debug|Any CPU.Build.0 = Debug|Any CPU
		{F4CFA0CD-1C56-46D7-8900-23231AE70E77}.Release|Any CPU.ActiveCfg = Release|Any CPU
		{F4CFA0CD-1C56-46D7-8900-23231AE70E77}.Release|Any CPU.Build.0 = Release|Any CPU
	EndGlobalSection
	GlobalSection(SolutionProperties) = preSolution
		HideSolutionNode = FALSE
	EndGlobalSection
	GlobalSection(ExtensibilityGlobals) = postSolution
		SolutionGuid = {B600B2E9-387D-4628-8B4B-E08DB666590B}
	EndGlobalSection
EndGlobal
